
Microsoft Visual Studio Solution File, Format Version 12.00
# Visual Studio 14
VisualStudioVersion = 14.0.25123.0
MinimumVisualStudioVersion = 10.0.40219.1
Project("{FAE04EC0-301F-11D3-BF4B-00C04F79EFBC}") = "ts145.DynamicWebAPI", "ts145.DynamicWebAPI\ts145.DynamicWebAPI.csproj", "{FEFBFD8F-62E4-4D0A-97F7-B20E0D15F8CF}"
EndProject
Project("{FAE04EC0-301F-11D3-BF4B-00C04F79EFBC}") = "ts145.DynamicWebAPI.Tests", "ts145.DynamicWebAPI.Tests\ts145.DynamicWebAPI.Tests.csproj", "{58312225-9B37-426D-B233-BB96415373EE}"
EndProject
Project("{FAE04EC0-301F-11D3-BF4B-00C04F79EFBC}") = "ts145.Common", "..\Common\ts145.Common\ts145.Common.csproj", "{11596020-1B95-44B8-AA2A-6AF15075D735}"
EndProject
Global
	GlobalSection(SolutionConfigurationPlatforms) = preSolution
		Debug|Any CPU = Debug|Any CPU
		Release|Any CPU = Release|Any CPU
	EndGlobalSection
	GlobalSection(ProjectConfigurationPlatforms) = postSolution
		{FEFBFD8F-62E4-4D0A-97F7-B20E0D15F8CF}.Debug|Any CPU.ActiveCfg = Debug|Any CPU
		{FEFBFD8F-62E4-4D0A-97F7-B20E0D15F8CF}.Debug|Any CPU.Build.0 = Debug|Any CPU
		{FEFBFD8F-62E4-4D0A-97F7-B20E0D15F8CF}.Release|Any CPU.ActiveCfg = Release|Any CPU
		{FEFBFD8F-62E4-4D0A-97F7-B20E0D15F8CF}.Release|Any CPU.Build.0 = Release|Any CPU
		{58312225-9B37-426D-B233-BB96415373EE}.Debug|Any CPU.ActiveCfg = Debug|Any CPU
		{58312225-9B37-426D-B233-BB96415373EE}.Debug|Any CPU.Build.0 = Debug|Any CPU
		{58312225-9B37-426D-B233-BB96415373EE}.Release|Any CPU.ActiveCfg = Release|Any CPU
		{58312225-9B37-426D-B233-BB96415373EE}.Release|Any CPU.Build.0 = Release|Any CPU
		{11596020-1B95-44B8-AA2A-6AF15075D735}.Debug|Any CPU.ActiveCfg = Debug|Any CPU
		{11596020-1B95-44B8-AA2A-6AF15075D735}.Debug|Any CPU.Build.0 = Debug|Any CPU
		{11596020-1B95-44B8-AA2A-6AF15075D735}.Release|Any CPU.ActiveCfg = Release|Any CPU
		{11596020-1B95-44B8-AA2A-6AF15075D735}.Release|Any CPU.Build.0 = Release|Any CPU
	EndGlobalSection
	GlobalSection(SolutionProperties) = preSolution
		HideSolutionNode = FALSE
	EndGlobalSection
EndGlobal
