
Microsoft Visual Studio Solution File, Format Version 12.00
# Visual Studio 14
VisualStudioVersion = 14.0.25123.0
MinimumVisualStudioVersion = 10.0.40219.1
Project("{FAE04EC0-301F-11D3-BF4B-00C04F79EFBC}") = "ts145.Common", "ts145.Common\ts145.Common.csproj", "{11596020-1B95-44B8-AA2A-6AF15075D735}"
EndProject
Project("{FAE04EC0-301F-11D3-BF4B-00C04F79EFBC}") = "ts145.Common.EnterpriseLibrary", "ts145.Common.EnterpriseLibrary\ts145.Common.EnterpriseLibrary.csproj", "{E5B72A9D-23F6-4763-8AF1-201EC7EB7423}"
EndProject
Project("{FAE04EC0-301F-11D3-BF4B-00C04F79EFBC}") = "ts145.Common.EnterpriseLibrary.Tests", "ts145.Common.EnterpriseLibrary.Tests\ts145.Common.EnterpriseLibrary.Tests.csproj", "{9AE9DA89-C927-4FAD-8496-59D60220B4A2}"
EndProject
Global
	GlobalSection(SolutionConfigurationPlatforms) = preSolution
		Debug|Any CPU = Debug|Any CPU
		Release|Any CPU = Release|Any CPU
	EndGlobalSection
	GlobalSection(ProjectConfigurationPlatforms) = postSolution
		{11596020-1B95-44B8-AA2A-6AF15075D735}.Debug|Any CPU.ActiveCfg = Debug|Any CPU
		{11596020-1B95-44B8-AA2A-6AF15075D735}.Debug|Any CPU.Build.0 = Debug|Any CPU
		{11596020-1B95-44B8-AA2A-6AF15075D735}.Release|Any CPU.ActiveCfg = Release|Any CPU
		{11596020-1B95-44B8-AA2A-6AF15075D735}.Release|Any CPU.Build.0 = Release|Any CPU
		{E5B72A9D-23F6-4763-8AF1-201EC7EB7423}.Debug|Any CPU.ActiveCfg = Debug|Any CPU
		{E5B72A9D-23F6-4763-8AF1-201EC7EB7423}.Debug|Any CPU.Build.0 = Debug|Any CPU
		{E5B72A9D-23F6-4763-8AF1-201EC7EB7423}.Release|Any CPU.ActiveCfg = Release|Any CPU
		{E5B72A9D-23F6-4763-8AF1-201EC7EB7423}.Release|Any CPU.Build.0 = Release|Any CPU
		{9AE9DA89-C927-4FAD-8496-59D60220B4A2}.Debug|Any CPU.ActiveCfg = Debug|Any CPU
		{9AE9DA89-C927-4FAD-8496-59D60220B4A2}.Debug|Any CPU.Build.0 = Debug|Any CPU
		{9AE9DA89-C927-4FAD-8496-59D60220B4A2}.Release|Any CPU.ActiveCfg = Release|Any CPU
		{9AE9DA89-C927-4FAD-8496-59D60220B4A2}.Release|Any CPU.Build.0 = Release|Any CPU
	EndGlobalSection
	GlobalSection(SolutionProperties) = preSolution
		HideSolutionNode = FALSE
	EndGlobalSection
	GlobalSection(ExtensibilityGlobals) = postSolution
		EnterpriseLibraryConfigurationToolBinariesPathV6 = packages\EnterpriseLibrary.Common.6.0.1304.0\lib\NET45;packages\EnterpriseLibrary.Data.6.0.1304.0\lib\NET45
	EndGlobalSection
EndGlobal
